
Microsoft Visual Studio Solution File, Format Version 12.00
# Visual Studio Version 17
VisualStudioVersion = 17.4.33122.133
MinimumVisualStudioVersion = 10.0.40219.1
Project("{FAE04EC0-301F-11D3-BF4B-00C04F79EFBC}") = "EC2WinFormsApp1", "EC2WinFormsApp1\EC2WinFormsApp1.csproj", "{20776CA3-4BF4-47D0-8CE1-5E4C2F612BFD}"
EndProject
Global
	GlobalSection(SolutionConfigurationPlatforms) = preSolution
		Debug|Any CPU = Debug|Any CPU
		Release|Any CPU = Release|Any CPU
	EndGlobalSection
	GlobalSection(ProjectConfigurationPlatforms) = postSolution
		{20776CA3-4BF4-47D0-8CE1-5E4C2F612BFD}.Debug|Any CPU.ActiveCfg = Debug|Any CPU
		{20776CA3-4BF4-47D0-8CE1-5E4C2F612BFD}.Debug|Any CPU.Build.0 = Debug|Any CPU
		{20776CA3-4BF4-47D0-8CE1-5E4C2F612BFD}.Release|Any CPU.ActiveCfg = Release|Any CPU
		{20776CA3-4BF4-47D0-8CE1-5E4C2F612BFD}.Release|Any CPU.Build.0 = Release|Any CPU
	EndGlobalSection
	GlobalSection(SolutionProperties) = preSolution
		HideSolutionNode = FALSE
	EndGlobalSection
	GlobalSection(ExtensibilityGlobals) = postSolution
		SolutionGuid = {02E06C36-D0CA-444A-A890-8DAEFE7BD7F3}
	EndGlobalSection
EndGlobal
